
Microsoft Visual Studio Solution File, Format Version 12.00
# Visual Studio Version 17
VisualStudioVersion = 17.2.32630.192
MinimumVisualStudioVersion = 10.0.40219.1
Project("{FAE04EC0-301F-11D3-BF4B-00C04F79EFBC}") = "HelloWorld2", "HelloWorld2\HelloWorld2.csproj", "{19044025-B705-42F6-A43C-D2C79FC696CD}"
EndProject
Global
	GlobalSection(SolutionConfigurationPlatforms) = preSolution
		Debug|Any CPU = Debug|Any CPU
		Release|Any CPU = Release|Any CPU
	EndGlobalSection
	GlobalSection(ProjectConfigurationPlatforms) = postSolution
		{19044025-B705-42F6-A43C-D2C79FC696CD}.Debug|Any CPU.ActiveCfg = Debug|Any CPU
		{19044025-B705-42F6-A43C-D2C79FC696CD}.Debug|Any CPU.Build.0 = Debug|Any CPU
		{19044025-B705-42F6-A43C-D2C79FC696CD}.Release|Any CPU.ActiveCfg = Release|Any CPU
		{19044025-B705-42F6-A43C-D2C79FC696CD}.Release|Any CPU.Build.0 = Release|Any CPU
	EndGlobalSection
	GlobalSection(SolutionProperties) = preSolution
		HideSolutionNode = FALSE
	EndGlobalSection
	GlobalSection(ExtensibilityGlobals) = postSolution
		SolutionGuid = {72AF7C23-6962-49B7-849A-0DCDD7362F39}
	EndGlobalSection
EndGlobal
